
Microsoft Visual Studio Solution File, Format Version 12.00
# Visual Studio Version 17
VisualStudioVersion = 17.3.32922.545
MinimumVisualStudioVersion = 10.0.40219.1
Project("{FAE04EC0-301F-11D3-BF4B-00C04F79EFBC}") = "VintedGet", "VintedGet\VintedGet.csproj", "{61357B29-B523-4463-9C30-80C0B8C592F6}"
EndProject
Project("{FAE04EC0-301F-11D3-BF4B-00C04F79EFBC}") = "Sandbox", "Sandbox\Sandbox.csproj", "{A208BCA3-904F-462D-AA71-6F83D9F30C42}"
EndProject
Global
	GlobalSection(SolutionConfigurationPlatforms) = preSolution
		Debug|Any CPU = Debug|Any CPU
		Release|Any CPU = Release|Any CPU
	EndGlobalSection
	GlobalSection(ProjectConfigurationPlatforms) = postSolution
		{61357B29-B523-4463-9C30-80C0B8C592F6}.Debug|Any CPU.ActiveCfg = Debug|Any CPU
		{61357B29-B523-4463-9C30-80C0B8C592F6}.Debug|Any CPU.Build.0 = Debug|Any CPU
		{61357B29-B523-4463-9C30-80C0B8C592F6}.Release|Any CPU.ActiveCfg = Release|Any CPU
		{61357B29-B523-4463-9C30-80C0B8C592F6}.Release|Any CPU.Build.0 = Release|Any CPU
		{A208BCA3-904F-462D-AA71-6F83D9F30C42}.Debug|Any CPU.ActiveCfg = Debug|Any CPU
		{A208BCA3-904F-462D-AA71-6F83D9F30C42}.Debug|Any CPU.Build.0 = Debug|Any CPU
		{A208BCA3-904F-462D-AA71-6F83D9F30C42}.Release|Any CPU.ActiveCfg = Release|Any CPU
		{A208BCA3-904F-462D-AA71-6F83D9F30C42}.Release|Any CPU.Build.0 = Release|Any CPU
	EndGlobalSection
	GlobalSection(SolutionProperties) = preSolution
		HideSolutionNode = FALSE
	EndGlobalSection
	GlobalSection(ExtensibilityGlobals) = postSolution
		SolutionGuid = {BEBA472B-D186-4290-BD4D-1FA0E29C6F52}
	EndGlobalSection
EndGlobal
